
Microsoft Visual Studio Solution File, Format Version 12.00
# Visual Studio 15
VisualStudioVersion = 15.0.26430.6
MinimumVisualStudioVersion = 10.0.40219.1
Project("{FAE04EC0-301F-11D3-BF4B-00C04F79EFBC}") = "SportsStore.WebUI", "SportsStore.WebUI\SportsStore.WebUI.csproj", "{7D6FA0A6-8C7B-44CF-AE94-70C810B355B2}"
EndProject
Project("{FAE04EC0-301F-11D3-BF4B-00C04F79EFBC}") = "SportsStore.UnitTests", "SportsStore.UnitTests\SportsStore.UnitTests.csproj", "{AA6FADD5-7C9D-4408-B84D-0817626F020F}"
EndProject
Project("{FAE04EC0-301F-11D3-BF4B-00C04F79EFBC}") = "SportsStore.Domain", "SportsStore.Domain\SportsStore.Domain.csproj", "{4A177A7F-AB1E-4743-A212-95E9409234F3}"
EndProject
Global
	GlobalSection(SolutionConfigurationPlatforms) = preSolution
		Debug|Any CPU = Debug|Any CPU
		Release|Any CPU = Release|Any CPU
	EndGlobalSection
	GlobalSection(ProjectConfigurationPlatforms) = postSolution
		{7D6FA0A6-8C7B-44CF-AE94-70C810B355B2}.Debug|Any CPU.ActiveCfg = Debug|Any CPU
		{7D6FA0A6-8C7B-44CF-AE94-70C810B355B2}.Debug|Any CPU.Build.0 = Debug|Any CPU
		{7D6FA0A6-8C7B-44CF-AE94-70C810B355B2}.Release|Any CPU.ActiveCfg = Release|Any CPU
		{7D6FA0A6-8C7B-44CF-AE94-70C810B355B2}.Release|Any CPU.Build.0 = Release|Any CPU
		{AA6FADD5-7C9D-4408-B84D-0817626F020F}.Debug|Any CPU.ActiveCfg = Debug|Any CPU
		{AA6FADD5-7C9D-4408-B84D-0817626F020F}.Debug|Any CPU.Build.0 = Debug|Any CPU
		{AA6FADD5-7C9D-4408-B84D-0817626F020F}.Release|Any CPU.ActiveCfg = Release|Any CPU
		{AA6FADD5-7C9D-4408-B84D-0817626F020F}.Release|Any CPU.Build.0 = Release|Any CPU
		{4A177A7F-AB1E-4743-A212-95E9409234F3}.Debug|Any CPU.ActiveCfg = Debug|Any CPU
		{4A177A7F-AB1E-4743-A212-95E9409234F3}.Debug|Any CPU.Build.0 = Debug|Any CPU
		{4A177A7F-AB1E-4743-A212-95E9409234F3}.Release|Any CPU.ActiveCfg = Release|Any CPU
		{4A177A7F-AB1E-4743-A212-95E9409234F3}.Release|Any CPU.Build.0 = Release|Any CPU
	EndGlobalSection
	GlobalSection(SolutionProperties) = preSolution
		HideSolutionNode = FALSE
	EndGlobalSection
EndGlobal
